<<<<<<< HEAD
Last acquired by C:\Users\hi\develop\flutter\bin\cache\dart-sdk\bin\dart.exe (pid 20868) running file:///C:/Users/hi/develop/flutter/bin/cache/flutter_tools.snapshot on 2026-09-07 18:10:24.355254.
=======
Last acquired by C:\Users\ASUS\flutter\bin\cache\dart-sdk\bin\dart.exe (pid 24152) running file:///C:/Users/ASUS/flutter/bin/cache/flutter_tools.snapshot on 2026-09-07 04:55:18.183453.
>>>>>>> a20e5fe00ba6f359b28f85e8db3710e316a85633
